
Microsoft Visual Studio Solution File, Format Version 12.00
# Visual Studio Version 17
VisualStudioVersion = 17.3.32929.385
MinimumVisualStudioVersion = 10.0.40219.1
Project("{FAE04EC0-301F-11D3-BF4B-00C04F79EFBC}") = "APP", "APP\APP.csproj", "{995E1AB0-E189-41AB-B57C-386D9654DAA3}"
EndProject
Project("{FAE04EC0-301F-11D3-BF4B-00C04F79EFBC}") = "dominio", "dominio\dominio.csproj", "{009B02D6-BFD4-49C1-8CD4-4A751E96ECF3}"
EndProject
Project("{FAE04EC0-301F-11D3-BF4B-00C04F79EFBC}") = "negocio", "negocio\negocio.csproj", "{21445A95-C06E-420E-AC30-8437EC361F0A}"
EndProject
Global
	GlobalSection(SolutionConfigurationPlatforms) = preSolution
		Debug|Any CPU = Debug|Any CPU
		Release|Any CPU = Release|Any CPU
	EndGlobalSection
	GlobalSection(ProjectConfigurationPlatforms) = postSolution
		{995E1AB0-E189-41AB-B57C-386D9654DAA3}.Debug|Any CPU.ActiveCfg = Debug|Any CPU
		{995E1AB0-E189-41AB-B57C-386D9654DAA3}.Debug|Any CPU.Build.0 = Debug|Any CPU
		{995E1AB0-E189-41AB-B57C-386D9654DAA3}.Release|Any CPU.ActiveCfg = Release|Any CPU
		{995E1AB0-E189-41AB-B57C-386D9654DAA3}.Release|Any CPU.Build.0 = Release|Any CPU
		{009B02D6-BFD4-49C1-8CD4-4A751E96ECF3}.Debug|Any CPU.ActiveCfg = Debug|Any CPU
		{009B02D6-BFD4-49C1-8CD4-4A751E96ECF3}.Debug|Any CPU.Build.0 = Debug|Any CPU
		{009B02D6-BFD4-49C1-8CD4-4A751E96ECF3}.Release|Any CPU.ActiveCfg = Release|Any CPU
		{009B02D6-BFD4-49C1-8CD4-4A751E96ECF3}.Release|Any CPU.Build.0 = Release|Any CPU
		{21445A95-C06E-420E-AC30-8437EC361F0A}.Debug|Any CPU.ActiveCfg = Debug|Any CPU
		{21445A95-C06E-420E-AC30-8437EC361F0A}.Debug|Any CPU.Build.0 = Debug|Any CPU
		{21445A95-C06E-420E-AC30-8437EC361F0A}.Release|Any CPU.ActiveCfg = Release|Any CPU
		{21445A95-C06E-420E-AC30-8437EC361F0A}.Release|Any CPU.Build.0 = Release|Any CPU
	EndGlobalSection
	GlobalSection(SolutionProperties) = preSolution
		HideSolutionNode = FALSE
	EndGlobalSection
	GlobalSection(ExtensibilityGlobals) = postSolution
		SolutionGuid = {5F2E9610-4F8B-4BDA-88AC-3D4AE892723F}
	EndGlobalSection
EndGlobal
